
Microsoft Visual Studio Solution File, Format Version 12.00
# Visual Studio Version 17
VisualStudioVersion = 17.8.34408.163
MinimumVisualStudioVersion = 10.0.40219.1
Project("{FAE04EC0-301F-11D3-BF4B-00C04F79EFBC}") = "WIWID PESAN MAKANAN", "WIWID PESAN MAKANAN\WIWID PESAN MAKANAN.csproj", "{FCED414D-7C75-4065-85E2-716C293EF7DB}"
EndProject
Global
	GlobalSection(SolutionConfigurationPlatforms) = preSolution
		Debug|Any CPU = Debug|Any CPU
		Release|Any CPU = Release|Any CPU
	EndGlobalSection
	GlobalSection(ProjectConfigurationPlatforms) = postSolution
		{FCED414D-7C75-4065-85E2-716C293EF7DB}.Debug|Any CPU.ActiveCfg = Debug|Any CPU
		{FCED414D-7C75-4065-85E2-716C293EF7DB}.Debug|Any CPU.Build.0 = Debug|Any CPU
		{FCED414D-7C75-4065-85E2-716C293EF7DB}.Release|Any CPU.ActiveCfg = Release|Any CPU
		{FCED414D-7C75-4065-85E2-716C293EF7DB}.Release|Any CPU.Build.0 = Release|Any CPU
	EndGlobalSection
	GlobalSection(SolutionProperties) = preSolution
		HideSolutionNode = FALSE
	EndGlobalSection
	GlobalSection(ExtensibilityGlobals) = postSolution
		SolutionGuid = {AB6261FB-ECA6-4B4E-87C5-583AEBC3C9F9}
	EndGlobalSection
EndGlobal
